
Microsoft Visual Studio Solution File, Format Version 12.00
# Visual Studio Version 16
VisualStudioVersion = 16.0.30204.135
MinimumVisualStudioVersion = 10.0.40219.1
Project("{FAE04EC0-301F-11D3-BF4B-00C04F79EFBC}") = "Ejercicio15.JuegoCoche", "Ejercicio15.JuegoCoche.csproj", "{D9C037C8-7E53-44C1-BA95-A8E452A6DCF3}"
EndProject
Project("{FAE04EC0-301F-11D3-BF4B-00C04F79EFBC}") = "Ejercicio15.JuegoCocheTests", "..\Ejercicio15.JuegoCocheTests\Ejercicio15.JuegoCocheTests.csproj", "{E4443974-6CFA-4F7D-B679-F0AB78017AC7}"
EndProject
Global
	GlobalSection(SolutionConfigurationPlatforms) = preSolution
		Debug|Any CPU = Debug|Any CPU
		Release|Any CPU = Release|Any CPU
	EndGlobalSection
	GlobalSection(ProjectConfigurationPlatforms) = postSolution
		{D9C037C8-7E53-44C1-BA95-A8E452A6DCF3}.Debug|Any CPU.ActiveCfg = Debug|Any CPU
		{D9C037C8-7E53-44C1-BA95-A8E452A6DCF3}.Debug|Any CPU.Build.0 = Debug|Any CPU
		{D9C037C8-7E53-44C1-BA95-A8E452A6DCF3}.Release|Any CPU.ActiveCfg = Release|Any CPU
		{D9C037C8-7E53-44C1-BA95-A8E452A6DCF3}.Release|Any CPU.Build.0 = Release|Any CPU
		{E4443974-6CFA-4F7D-B679-F0AB78017AC7}.Debug|Any CPU.ActiveCfg = Debug|Any CPU
		{E4443974-6CFA-4F7D-B679-F0AB78017AC7}.Debug|Any CPU.Build.0 = Debug|Any CPU
		{E4443974-6CFA-4F7D-B679-F0AB78017AC7}.Release|Any CPU.ActiveCfg = Release|Any CPU
		{E4443974-6CFA-4F7D-B679-F0AB78017AC7}.Release|Any CPU.Build.0 = Release|Any CPU
	EndGlobalSection
	GlobalSection(SolutionProperties) = preSolution
		HideSolutionNode = FALSE
	EndGlobalSection
	GlobalSection(ExtensibilityGlobals) = postSolution
		SolutionGuid = {3ABACDBF-6A90-4451-9CDF-24DE97DC0FB4}
	EndGlobalSection
EndGlobal
